// !$*UTF8*$!
{
	archiveVersion = 1;
	classes = {
	};
	objectVersion = 56;
	objects = {

/* Begin PBXBuildFile section */
		940C943C2B95135C0026E9F5 /* DesignSystem.swift in Sources */ = {isa = PBXBuildFile; fileRef = 940C943B2B95135C0026E9F5 /* DesignSystem.swift */; };
		942248F02B98DF6000C2482F /* MockAppDIContainer.swift in Sources */ = {isa = PBXBuildFile; fileRef = 942248EF2B98DF6000C2482F /* MockAppDIContainer.swift */; };
		942248F32B99055400C2482F /* XCTAssert+Concurrency.swift in Sources */ = {isa = PBXBuildFile; fileRef = 942248F22B99055400C2482F /* XCTAssert+Concurrency.swift */; };
		942248F52B994C4600C2482F /* CustomAsyncImage.swift in Sources */ = {isa = PBXBuildFile; fileRef = 942248F42B994C4600C2482F /* CustomAsyncImage.swift */; };
		942B54982B951BE8009CCA2C /* TVShowDetailView.swift in Sources */ = {isa = PBXBuildFile; fileRef = 942B54972B951BE8009CCA2C /* TVShowDetailView.swift */; };
		942B549A2B951C4E009CCA2C /* EpisodeRowView.swift in Sources */ = {isa = PBXBuildFile; fileRef = 942B54992B951C4E009CCA2C /* EpisodeRowView.swift */; };
		942B549C2B951CD1009CCA2C /* EpisodeDetailView.swift in Sources */ = {isa = PBXBuildFile; fileRef = 942B549B2B951CD1009CCA2C /* EpisodeDetailView.swift */; };
		942B549E2B9523C7009CCA2C /* AiringScheduleView.swift in Sources */ = {isa = PBXBuildFile; fileRef = 942B549D2B9523C7009CCA2C /* AiringScheduleView.swift */; };
		942B54A02B95246F009CCA2C /* SeriesHeaderView.swift in Sources */ = {isa = PBXBuildFile; fileRef = 942B549F2B95246F009CCA2C /* SeriesHeaderView.swift */; };
		942B54A22B9525EB009CCA2C /* RatingStarsView.swift in Sources */ = {isa = PBXBuildFile; fileRef = 942B54A12B9525EB009CCA2C /* RatingStarsView.swift */; };
		942B54A42B952648009CCA2C /* Models.swift in Sources */ = {isa = PBXBuildFile; fileRef = 942B54A32B952648009CCA2C /* Models.swift */; };
		942B54B02B95491A009CCA2C /* APIEndpoints.swift in Sources */ = {isa = PBXBuildFile; fileRef = 942B54AF2B95491A009CCA2C /* APIEndpoints.swift */; };
		942B54B22B954943009CCA2C /* NetworkService.swift in Sources */ = {isa = PBXBuildFile; fileRef = 942B54B12B954943009CCA2C /* NetworkService.swift */; };
		942B54B62B954BB2009CCA2C /* TVShowsViewModel.swift in Sources */ = {isa = PBXBuildFile; fileRef = 942B54B52B954BB2009CCA2C /* TVShowsViewModel.swift */; };
		942B54BA2B954F20009CCA2C /* TVShowsService.swift in Sources */ = {isa = PBXBuildFile; fileRef = 942B54B92B954F20009CCA2C /* TVShowsService.swift */; };
		942B54BD2B955298009CCA2C /* MockNetworkService.swift in Sources */ = {isa = PBXBuildFile; fileRef = 942B54BC2B955298009CCA2C /* MockNetworkService.swift */; };
		942B54BF2B9552DE009CCA2C /* TVShowsServiceTests.swift in Sources */ = {isa = PBXBuildFile; fileRef = 942B54BE2B9552DE009CCA2C /* TVShowsServiceTests.swift */; };
		942B54C22B955491009CCA2C /* MockTVShowsService.swift in Sources */ = {isa = PBXBuildFile; fileRef = 942B54C12B955491009CCA2C /* MockTVShowsService.swift */; };
		942B54C42B9554E4009CCA2C /* TVShowsViewModelTests.swift in Sources */ = {isa = PBXBuildFile; fileRef = 942B54C32B9554E4009CCA2C /* TVShowsViewModelTests.swift */; };
		942B54C62B95858E009CCA2C /* TVShowDetailViewModel.swift in Sources */ = {isa = PBXBuildFile; fileRef = 942B54C52B95858E009CCA2C /* TVShowDetailViewModel.swift */; };
		942B54CB2B96668A009CCA2C /* Coordinator.swift in Sources */ = {isa = PBXBuildFile; fileRef = 942B54CA2B96668A009CCA2C /* Coordinator.swift */; };
		9432E2912B9A051000F799E0 /* TVShowDetailViewModelTests.swift in Sources */ = {isa = PBXBuildFile; fileRef = 9432E2902B9A051000F799E0 /* TVShowDetailViewModelTests.swift */; };
		9432E2932B9A35EE00F799E0 /* SettingsViewModelTests.swift in Sources */ = {isa = PBXBuildFile; fileRef = 9432E2922B9A35EE00F799E0 /* SettingsViewModelTests.swift */; };
		946B5C592B9ACCB7004D04F9 /* Localizable.xcstrings in Resources */ = {isa = PBXBuildFile; fileRef = 946B5C582B9ACCA7004D04F9 /* Localizable.xcstrings */; };
		947E52E32B92540B00FFF340 /* TVShowsView.swift in Sources */ = {isa = PBXBuildFile; fileRef = 947E52E22B92540B00FFF340 /* TVShowsView.swift */; };
		947E52E52B92541E00FFF340 /* SettingsView.swift in Sources */ = {isa = PBXBuildFile; fileRef = 947E52E42B92541E00FFF340 /* SettingsView.swift */; };
		947E52E92B92547E00FFF340 /* FavoritesView.swift in Sources */ = {isa = PBXBuildFile; fileRef = 947E52E82B92547E00FFF340 /* FavoritesView.swift */; };
		947E52EB2B92551100FFF340 /* TVShowCardView.swift in Sources */ = {isa = PBXBuildFile; fileRef = 947E52EA2B92551100FFF340 /* TVShowCardView.swift */; };
		94909BC42B98AA1300EF9D79 /* CoordinatorTests.swift in Sources */ = {isa = PBXBuildFile; fileRef = 94909BC32B98AA1300EF9D79 /* CoordinatorTests.swift */; };
		94C9016C2B9689EE0026601F /* SettingsViewModel.swift in Sources */ = {isa = PBXBuildFile; fileRef = 94C9016B2B9689EE0026601F /* SettingsViewModel.swift */; };
		94C9016E2B968A0C0026601F /* KeychainService.swift in Sources */ = {isa = PBXBuildFile; fileRef = 94C9016D2B968A0C0026601F /* KeychainService.swift */; };
		94C901742B969A6B0026601F /* MockKeychainService.swift in Sources */ = {isa = PBXBuildFile; fileRef = 94C901732B969A6B0026601F /* MockKeychainService.swift */; };
		94C901792B969B260026601F /* PinView.swift in Sources */ = {isa = PBXBuildFile; fileRef = 94C901782B969B260026601F /* PinView.swift */; };
		94C9017B2B969B3D0026601F /* PinViewModel.swift in Sources */ = {isa = PBXBuildFile; fileRef = 94C9017A2B969B3D0026601F /* PinViewModel.swift */; };
		94C9017D2B96A0F10026601F /* PinViewModelTests.swift in Sources */ = {isa = PBXBuildFile; fileRef = 94C9017C2B96A0F10026601F /* PinViewModelTests.swift */; };
		94C9017F2B96B79A0026601F /* HomeViewModel.swift in Sources */ = {isa = PBXBuildFile; fileRef = 94C9017E2B96B79A0026601F /* HomeViewModel.swift */; };
		94E6C1362B9134820031B647 /* TVMazeProjectApp.swift in Sources */ = {isa = PBXBuildFile; fileRef = 94E6C1352B9134820031B647 /* TVMazeProjectApp.swift */; };
		94E6C1382B9134820031B647 /* HomeView.swift in Sources */ = {isa = PBXBuildFile; fileRef = 94E6C1372B9134820031B647 /* HomeView.swift */; };
		94E6C13C2B9134830031B647 /* Assets.xcassets in Resources */ = {isa = PBXBuildFile; fileRef = 94E6C13B2B9134830031B647 /* Assets.xcassets */; };
		94E6C13F2B9134830031B647 /* Preview Assets.xcassets in Resources */ = {isa = PBXBuildFile; fileRef = 94E6C13E2B9134830031B647 /* Preview Assets.xcassets */; };
		94E6C1532B9134830031B647 /* TVMazeProjectUITests.swift in Sources */ = {isa = PBXBuildFile; fileRef = 94E6C1522B9134830031B647 /* TVMazeProjectUITests.swift */; };
		94E6C1552B9134830031B647 /* TVMazeProjectUITestsLaunchTests.swift in Sources */ = {isa = PBXBuildFile; fileRef = 94E6C1542B9134830031B647 /* TVMazeProjectUITestsLaunchTests.swift */; };
		94EA033E2B981AEB00F1455D /* CustomButton.swift in Sources */ = {isa = PBXBuildFile; fileRef = 94EA033D2B981AEB00F1455D /* CustomButton.swift */; };
		94EA03412B98293400F1455D /* MockCoordinator.swift in Sources */ = {isa = PBXBuildFile; fileRef = 94EA03402B98293400F1455D /* MockCoordinator.swift */; };
		94F1132D2B9A5B7B004411D7 /* PersonsView.swift in Sources */ = {isa = PBXBuildFile; fileRef = 94F1132C2B9A5B7A004411D7 /* PersonsView.swift */; };
		94F1132F2B9A6658004411D7 /* PersonViewModel.swift in Sources */ = {isa = PBXBuildFile; fileRef = 94F1132E2B9A6658004411D7 /* PersonViewModel.swift */; };
		94F113312B9A87E0004411D7 /* PersonDetailViewModel.swift in Sources */ = {isa = PBXBuildFile; fileRef = 94F113302B9A87E0004411D7 /* PersonDetailViewModel.swift */; };
		94F113332B9A894D004411D7 /* PersonDetailView.swift in Sources */ = {isa = PBXBuildFile; fileRef = 94F113322B9A894D004411D7 /* PersonDetailView.swift */; };
		94F113352B9AA520004411D7 /* FavoritesViewModel.swift in Sources */ = {isa = PBXBuildFile; fileRef = 94F113342B9AA520004411D7 /* FavoritesViewModel.swift */; };
/* End PBXBuildFile section */

/* Begin PBXContainerItemProxy section */
		94E6C1452B9134830031B647 /* PBXContainerItemProxy */ = {
			isa = PBXContainerItemProxy;
			containerPortal = 94E6C12A2B9134810031B647 /* Project object */;
			proxyType = 1;
			remoteGlobalIDString = 94E6C1312B9134820031B647;
			remoteInfo = TVMazeProject;
		};
		94E6C14F2B9134830031B647 /* PBXContainerItemProxy */ = {
			isa = PBXContainerItemProxy;
			containerPortal = 94E6C12A2B9134810031B647 /* Project object */;
			proxyType = 1;
			remoteGlobalIDString = 94E6C1312B9134820031B647;
			remoteInfo = TVMazeProject;
		};
/* End PBXContainerItemProxy section */

/* Begin PBXFileReference section */
		940C943B2B95135C0026E9F5 /* DesignSystem.swift */ = {isa = PBXFileReference; lastKnownFileType = sourcecode.swift; path = DesignSystem.swift; sourceTree = "<group>"; };
		942248EF2B98DF6000C2482F /* MockAppDIContainer.swift */ = {isa = PBXFileReference; lastKnownFileType = sourcecode.swift; path = MockAppDIContainer.swift; sourceTree = "<group>"; };
		942248F22B99055400C2482F /* XCTAssert+Concurrency.swift */ = {isa = PBXFileReference; lastKnownFileType = sourcecode.swift; path = "XCTAssert+Concurrency.swift"; sourceTree = "<group>"; };
		942248F42B994C4600C2482F /* CustomAsyncImage.swift */ = {isa = PBXFileReference; lastKnownFileType = sourcecode.swift; path = CustomAsyncImage.swift; sourceTree = "<group>"; };
		942248F92B994E8600C2482F /* TVMazeProject.xctestplan */ = {isa = PBXFileReference; lastKnownFileType = text; path = TVMazeProject.xctestplan; sourceTree = "<group>"; };
		942248FA2B994FD700C2482F /* UnitTests.xctestplan */ = {isa = PBXFileReference; lastKnownFileType = text; path = UnitTests.xctestplan; sourceTree = "<group>"; };
		942B54972B951BE8009CCA2C /* TVShowDetailView.swift */ = {isa = PBXFileReference; lastKnownFileType = sourcecode.swift; path = TVShowDetailView.swift; sourceTree = "<group>"; };
		942B54992B951C4E009CCA2C /* EpisodeRowView.swift */ = {isa = PBXFileReference; lastKnownFileType = sourcecode.swift; path = EpisodeRowView.swift; sourceTree = "<group>"; };
		942B549B2B951CD1009CCA2C /* EpisodeDetailView.swift */ = {isa = PBXFileReference; lastKnownFileType = sourcecode.swift; path = EpisodeDetailView.swift; sourceTree = "<group>"; };
		942B549D2B9523C7009CCA2C /* AiringScheduleView.swift */ = {isa = PBXFileReference; lastKnownFileType = sourcecode.swift; path = AiringScheduleView.swift; sourceTree = "<group>"; };
		942B549F2B95246F009CCA2C /* SeriesHeaderView.swift */ = {isa = PBXFileReference; lastKnownFileType = sourcecode.swift; path = SeriesHeaderView.swift; sourceTree = "<group>"; };
		942B54A12B9525EB009CCA2C /* RatingStarsView.swift */ = {isa = PBXFileReference; lastKnownFileType = sourcecode.swift; path = RatingStarsView.swift; sourceTree = "<group>"; };
		942B54A32B952648009CCA2C /* Models.swift */ = {isa = PBXFileReference; lastKnownFileType = sourcecode.swift; path = Models.swift; sourceTree = "<group>"; };
		942B54AF2B95491A009CCA2C /* APIEndpoints.swift */ = {isa = PBXFileReference; lastKnownFileType = sourcecode.swift; path = APIEndpoints.swift; sourceTree = "<group>"; };
		942B54B12B954943009CCA2C /* NetworkService.swift */ = {isa = PBXFileReference; lastKnownFileType = sourcecode.swift; path = NetworkService.swift; sourceTree = "<group>"; };
		942B54B52B954BB2009CCA2C /* TVShowsViewModel.swift */ = {isa = PBXFileReference; lastKnownFileType = sourcecode.swift; path = TVShowsViewModel.swift; sourceTree = "<group>"; };
		942B54B92B954F20009CCA2C /* TVShowsService.swift */ = {isa = PBXFileReference; lastKnownFileType = sourcecode.swift; path = TVShowsService.swift; sourceTree = "<group>"; };
		942B54BC2B955298009CCA2C /* MockNetworkService.swift */ = {isa = PBXFileReference; lastKnownFileType = sourcecode.swift; path = MockNetworkService.swift; sourceTree = "<group>"; };
		942B54BE2B9552DE009CCA2C /* TVShowsServiceTests.swift */ = {isa = PBXFileReference; lastKnownFileType = sourcecode.swift; path = TVShowsServiceTests.swift; sourceTree = "<group>"; };
		942B54C12B955491009CCA2C /* MockTVShowsService.swift */ = {isa = PBXFileReference; lastKnownFileType = sourcecode.swift; path = MockTVShowsService.swift; sourceTree = "<group>"; };
		942B54C32B9554E4009CCA2C /* TVShowsViewModelTests.swift */ = {isa = PBXFileReference; lastKnownFileType = sourcecode.swift; path = TVShowsViewModelTests.swift; sourceTree = "<group>"; };
		942B54C52B95858E009CCA2C /* TVShowDetailViewModel.swift */ = {isa = PBXFileReference; lastKnownFileType = sourcecode.swift; path = TVShowDetailViewModel.swift; sourceTree = "<group>"; };
		942B54CA2B96668A009CCA2C /* Coordinator.swift */ = {isa = PBXFileReference; lastKnownFileType = sourcecode.swift; path = Coordinator.swift; sourceTree = "<group>"; };
		9432E2902B9A051000F799E0 /* TVShowDetailViewModelTests.swift */ = {isa = PBXFileReference; lastKnownFileType = sourcecode.swift; path = TVShowDetailViewModelTests.swift; sourceTree = "<group>"; };
		9432E2922B9A35EE00F799E0 /* SettingsViewModelTests.swift */ = {isa = PBXFileReference; lastKnownFileType = sourcecode.swift; path = SettingsViewModelTests.swift; sourceTree = "<group>"; };
		946B5C582B9ACCA7004D04F9 /* Localizable.xcstrings */ = {isa = PBXFileReference; lastKnownFileType = text.json.xcstrings; path = Localizable.xcstrings; sourceTree = "<group>"; };
		947E52E22B92540B00FFF340 /* TVShowsView.swift */ = {isa = PBXFileReference; lastKnownFileType = sourcecode.swift; path = TVShowsView.swift; sourceTree = "<group>"; };
		947E52E42B92541E00FFF340 /* SettingsView.swift */ = {isa = PBXFileReference; lastKnownFileType = sourcecode.swift; path = SettingsView.swift; sourceTree = "<group>"; };
		947E52E82B92547E00FFF340 /* FavoritesView.swift */ = {isa = PBXFileReference; lastKnownFileType = sourcecode.swift; path = FavoritesView.swift; sourceTree = "<group>"; };
		947E52EA2B92551100FFF340 /* TVShowCardView.swift */ = {isa = PBXFileReference; lastKnownFileType = sourcecode.swift; path = TVShowCardView.swift; sourceTree = "<group>"; };
		94909BC32B98AA1300EF9D79 /* CoordinatorTests.swift */ = {isa = PBXFileReference; lastKnownFileType = sourcecode.swift; path = CoordinatorTests.swift; sourceTree = "<group>"; };
		94C9016B2B9689EE0026601F /* SettingsViewModel.swift */ = {isa = PBXFileReference; lastKnownFileType = sourcecode.swift; path = SettingsViewModel.swift; sourceTree = "<group>"; };
		94C9016D2B968A0C0026601F /* KeychainService.swift */ = {isa = PBXFileReference; lastKnownFileType = sourcecode.swift; path = KeychainService.swift; sourceTree = "<group>"; };
		94C901732B969A6B0026601F /* MockKeychainService.swift */ = {isa = PBXFileReference; lastKnownFileType = sourcecode.swift; path = MockKeychainService.swift; sourceTree = "<group>"; };
		94C901782B969B260026601F /* PinView.swift */ = {isa = PBXFileReference; lastKnownFileType = sourcecode.swift; path = PinView.swift; sourceTree = "<group>"; };
		94C9017A2B969B3D0026601F /* PinViewModel.swift */ = {isa = PBXFileReference; lastKnownFileType = sourcecode.swift; path = PinViewModel.swift; sourceTree = "<group>"; };
		94C9017C2B96A0F10026601F /* PinViewModelTests.swift */ = {isa = PBXFileReference; lastKnownFileType = sourcecode.swift; path = PinViewModelTests.swift; sourceTree = "<group>"; };
		94C9017E2B96B79A0026601F /* HomeViewModel.swift */ = {isa = PBXFileReference; lastKnownFileType = sourcecode.swift; path = HomeViewModel.swift; sourceTree = "<group>"; };
		94E6C1322B9134820031B647 /* TVMazeProject.app */ = {isa = PBXFileReference; explicitFileType = wrapper.application; includeInIndex = 0; path = TVMazeProject.app; sourceTree = BUILT_PRODUCTS_DIR; };
		94E6C1352B9134820031B647 /* TVMazeProjectApp.swift */ = {isa = PBXFileReference; lastKnownFileType = sourcecode.swift; path = TVMazeProjectApp.swift; sourceTree = "<group>"; };
		94E6C1372B9134820031B647 /* HomeView.swift */ = {isa = PBXFileReference; lastKnownFileType = sourcecode.swift; path = HomeView.swift; sourceTree = "<group>"; };
		94E6C13B2B9134830031B647 /* Assets.xcassets */ = {isa = PBXFileReference; lastKnownFileType = folder.assetcatalog; path = Assets.xcassets; sourceTree = "<group>"; };
		94E6C13E2B9134830031B647 /* Preview Assets.xcassets */ = {isa = PBXFileReference; lastKnownFileType = folder.assetcatalog; path = "Preview Assets.xcassets"; sourceTree = "<group>"; };
		94E6C1442B9134830031B647 /* TVMazeProjectTests.xctest */ = {isa = PBXFileReference; explicitFileType = wrapper.cfbundle; includeInIndex = 0; path = TVMazeProjectTests.xctest; sourceTree = BUILT_PRODUCTS_DIR; };
		94E6C14E2B9134830031B647 /* TVMazeProjectUITests.xctest */ = {isa = PBXFileReference; explicitFileType = wrapper.cfbundle; includeInIndex = 0; path = TVMazeProjectUITests.xctest; sourceTree = BUILT_PRODUCTS_DIR; };
		94E6C1522B9134830031B647 /* TVMazeProjectUITests.swift */ = {isa = PBXFileReference; lastKnownFileType = sourcecode.swift; path = TVMazeProjectUITests.swift; sourceTree = "<group>"; };
		94E6C1542B9134830031B647 /* TVMazeProjectUITestsLaunchTests.swift */ = {isa = PBXFileReference; lastKnownFileType = sourcecode.swift; path = TVMazeProjectUITestsLaunchTests.swift; sourceTree = "<group>"; };
		94EA033D2B981AEB00F1455D /* CustomButton.swift */ = {isa = PBXFileReference; lastKnownFileType = sourcecode.swift; path = CustomButton.swift; sourceTree = "<group>"; };
		94EA03402B98293400F1455D /* MockCoordinator.swift */ = {isa = PBXFileReference; lastKnownFileType = sourcecode.swift; path = MockCoordinator.swift; sourceTree = "<group>"; };
		94F1132C2B9A5B7A004411D7 /* PersonsView.swift */ = {isa = PBXFileReference; lastKnownFileType = sourcecode.swift; path = PersonsView.swift; sourceTree = "<group>"; };
		94F1132E2B9A6658004411D7 /* PersonViewModel.swift */ = {isa = PBXFileReference; lastKnownFileType = sourcecode.swift; path = PersonViewModel.swift; sourceTree = "<group>"; };
		94F113302B9A87E0004411D7 /* PersonDetailViewModel.swift */ = {isa = PBXFileReference; lastKnownFileType = sourcecode.swift; path = PersonDetailViewModel.swift; sourceTree = "<group>"; };
		94F113322B9A894D004411D7 /* PersonDetailView.swift */ = {isa = PBXFileReference; lastKnownFileType = sourcecode.swift; path = PersonDetailView.swift; sourceTree = "<group>"; };
		94F113342B9AA520004411D7 /* FavoritesViewModel.swift */ = {isa = PBXFileReference; lastKnownFileType = sourcecode.swift; path = FavoritesViewModel.swift; sourceTree = "<group>"; };
/* End PBXFileReference section */

/* Begin PBXFrameworksBuildPhase section */
		94E6C12F2B9134820031B647 /* Frameworks */ = {
			isa = PBXFrameworksBuildPhase;
			buildActionMask = 2147483647;
			files = (
			);
			runOnlyForDeploymentPostprocessing = 0;
		};
		94E6C1412B9134830031B647 /* Frameworks */ = {
			isa = PBXFrameworksBuildPhase;
			buildActionMask = 2147483647;
			files = (
			);
			runOnlyForDeploymentPostprocessing = 0;
		};
		94E6C14B2B9134830031B647 /* Frameworks */ = {
			isa = PBXFrameworksBuildPhase;
			buildActionMask = 2147483647;
			files = (
			);
			runOnlyForDeploymentPostprocessing = 0;
		};
/* End PBXFrameworksBuildPhase section */

/* Begin PBXGroup section */
		942248F12B99054200C2482F /* Utils */ = {
			isa = PBXGroup;
			children = (
				942248F22B99055400C2482F /* XCTAssert+Concurrency.swift */,
			);
			path = Utils;
			sourceTree = "<group>";
		};
		942248F62B994CFE00C2482F /* Components */ = {
			isa = PBXGroup;
			children = (
				94EA033D2B981AEB00F1455D /* CustomButton.swift */,
				942248F42B994C4600C2482F /* CustomAsyncImage.swift */,
			);
			path = Components;
			sourceTree = "<group>";
		};
		942248F72B994D4E00C2482F /* Tab Views */ = {
			isa = PBXGroup;
			children = (
				94E6C1372B9134820031B647 /* HomeView.swift */,
				947E52E42B92541E00FFF340 /* SettingsView.swift */,
				947E52E82B92547E00FFF340 /* FavoritesView.swift */,
				94F1132C2B9A5B7A004411D7 /* PersonsView.swift */,
			);
			path = "Tab Views";
			sourceTree = "<group>";
		};
		942248F82B994D6200C2482F /* PinView */ = {
			isa = PBXGroup;
			children = (
				94C901782B969B260026601F /* PinView.swift */,
			);
			path = PinView;
			sourceTree = "<group>";
		};
		942B54962B951B27009CCA2C /* Models */ = {
			isa = PBXGroup;
			children = (
				942B54A32B952648009CCA2C /* Models.swift */,
			);
			path = Models;
			sourceTree = "<group>";
		};
		942B54AE2B9548F9009CCA2C /* Network */ = {
			isa = PBXGroup;
			children = (
				942B54B12B954943009CCA2C /* NetworkService.swift */,
			);
			path = Network;
			sourceTree = "<group>";
		};
		942B54B72B954BBE009CCA2C /* ViewModels */ = {
			isa = PBXGroup;
			children = (
				942B54B52B954BB2009CCA2C /* TVShowsViewModel.swift */,
				942B54C52B95858E009CCA2C /* TVShowDetailViewModel.swift */,
				94C9016B2B9689EE0026601F /* SettingsViewModel.swift */,
				94C9017A2B969B3D0026601F /* PinViewModel.swift */,
				94C9017E2B96B79A0026601F /* HomeViewModel.swift */,
				94F1132E2B9A6658004411D7 /* PersonViewModel.swift */,
				94F113302B9A87E0004411D7 /* PersonDetailViewModel.swift */,
				94F113342B9AA520004411D7 /* FavoritesViewModel.swift */,
			);
			path = ViewModels;
			sourceTree = "<group>";
		};
		942B54B82B954F03009CCA2C /* Domain */ = {
			isa = PBXGroup;
			children = (
				942B54AF2B95491A009CCA2C /* APIEndpoints.swift */,
				942B54B92B954F20009CCA2C /* TVShowsService.swift */,
				94C9016D2B968A0C0026601F /* KeychainService.swift */,
			);
			path = Domain;
			sourceTree = "<group>";
		};
		942B54C02B95545D009CCA2C /* Domain */ = {
			isa = PBXGroup;
			children = (
				942B54BE2B9552DE009CCA2C /* TVShowsServiceTests.swift */,
			);
			path = Domain;
			sourceTree = "<group>";
		};
		942B54C92B966677009CCA2C /* Coordinator */ = {
			isa = PBXGroup;
			children = (
				942B54CA2B96668A009CCA2C /* Coordinator.swift */,
			);
			path = Coordinator;
			sourceTree = "<group>";
		};
		9454C7802B9139430069D4DC /* Package */ = {
			isa = PBXGroup;
			children = (
				940C943B2B95135C0026E9F5 /* DesignSystem.swift */,
			);
			path = Package;
			sourceTree = "<group>";
		};
		946B5C562B9AC8DE004D04F9 /* Resources */ = {
			isa = PBXGroup;
			children = (
				94E6C13B2B9134830031B647 /* Assets.xcassets */,
				942248F92B994E8600C2482F /* TVMazeProject.xctestplan */,
				942248FA2B994FD700C2482F /* UnitTests.xctestplan */,
				946B5C582B9ACCA7004D04F9 /* Localizable.xcstrings */,
			);
			path = Resources;
			sourceTree = "<group>";
		};
		947E52E12B9253F700FFF340 /* Views */ = {
			isa = PBXGroup;
			children = (
				942248F82B994D6200C2482F /* PinView */,
				942248F72B994D4E00C2482F /* Tab Views */,
				942248F62B994CFE00C2482F /* Components */,
				94C9016F2B968A930026601F /* TVShow */,
				942B549D2B9523C7009CCA2C /* AiringScheduleView.swift */,
				942B54A12B9525EB009CCA2C /* RatingStarsView.swift */,
				942B549F2B95246F009CCA2C /* SeriesHeaderView.swift */,
				94F113322B9A894D004411D7 /* PersonDetailView.swift */,
			);
			path = Views;
			sourceTree = "<group>";
		};
		94909BC22B98A76000EF9D79 /* Mocks */ = {
			isa = PBXGroup;
			children = (
				94EA03402B98293400F1455D /* MockCoordinator.swift */,
				942B54C12B955491009CCA2C /* MockTVShowsService.swift */,
				94C901732B969A6B0026601F /* MockKeychainService.swift */,
				942B54BC2B955298009CCA2C /* MockNetworkService.swift */,
				942248EF2B98DF6000C2482F /* MockAppDIContainer.swift */,
			);
			path = Mocks;
			sourceTree = "<group>";
		};
		94C9016F2B968A930026601F /* TVShow */ = {
			isa = PBXGroup;
			children = (
				947E52E22B92540B00FFF340 /* TVShowsView.swift */,
				942B54972B951BE8009CCA2C /* TVShowDetailView.swift */,
				947E52EA2B92551100FFF340 /* TVShowCardView.swift */,
				942B54992B951C4E009CCA2C /* EpisodeRowView.swift */,
				942B549B2B951CD1009CCA2C /* EpisodeDetailView.swift */,
			);
			path = TVShow;
			sourceTree = "<group>";
		};
		94C901772B969AF50026601F /* ViewModels */ = {
			isa = PBXGroup;
			children = (
				942B54C32B9554E4009CCA2C /* TVShowsViewModelTests.swift */,
				94C9017C2B96A0F10026601F /* PinViewModelTests.swift */,
				9432E2902B9A051000F799E0 /* TVShowDetailViewModelTests.swift */,
				9432E2922B9A35EE00F799E0 /* SettingsViewModelTests.swift */,
			);
			path = ViewModels;
			sourceTree = "<group>";
		};
		94E6C1292B9134810031B647 = {
			isa = PBXGroup;
			children = (
				946B5C562B9AC8DE004D04F9 /* Resources */,
				94E6C1342B9134820031B647 /* TVMazeProject */,
				94E6C1472B9134830031B647 /* TVMazeProjectTests */,
				94E6C1512B9134830031B647 /* TVMazeProjectUITests */,
				94E6C1332B9134820031B647 /* Products */,
			);
			sourceTree = "<group>";
		};
		94E6C1332B9134820031B647 /* Products */ = {
			isa = PBXGroup;
			children = (
				94E6C1322B9134820031B647 /* TVMazeProject.app */,
				94E6C1442B9134830031B647 /* TVMazeProjectTests.xctest */,
				94E6C14E2B9134830031B647 /* TVMazeProjectUITests.xctest */,
			);
			name = Products;
			sourceTree = "<group>";
		};
		94E6C1342B9134820031B647 /* TVMazeProject */ = {
			isa = PBXGroup;
			children = (
				942B54C92B966677009CCA2C /* Coordinator */,
				942B54B82B954F03009CCA2C /* Domain */,
				942B54B72B954BBE009CCA2C /* ViewModels */,
				942B54AE2B9548F9009CCA2C /* Network */,
				942B54962B951B27009CCA2C /* Models */,
				947E52E12B9253F700FFF340 /* Views */,
				9454C7802B9139430069D4DC /* Package */,
				94E6C1352B9134820031B647 /* TVMazeProjectApp.swift */,
				94E6C13D2B9134830031B647 /* Preview Content */,
			);
			path = TVMazeProject;
			sourceTree = "<group>";
		};
		94E6C13D2B9134830031B647 /* Preview Content */ = {
			isa = PBXGroup;
			children = (
				94E6C13E2B9134830031B647 /* Preview Assets.xcassets */,
			);
			path = "Preview Content";
			sourceTree = "<group>";
		};
		94E6C1472B9134830031B647 /* TVMazeProjectTests */ = {
			isa = PBXGroup;
			children = (
				942248F12B99054200C2482F /* Utils */,
				94909BC22B98A76000EF9D79 /* Mocks */,
				94EA033F2B98292500F1455D /* Coordinator */,
				942B54C02B95545D009CCA2C /* Domain */,
				94C901772B969AF50026601F /* ViewModels */,
			);
			path = TVMazeProjectTests;
			sourceTree = "<group>";
		};
		94E6C1512B9134830031B647 /* TVMazeProjectUITests */ = {
			isa = PBXGroup;
			children = (
				94E6C1522B9134830031B647 /* TVMazeProjectUITests.swift */,
				94E6C1542B9134830031B647 /* TVMazeProjectUITestsLaunchTests.swift */,
			);
			path = TVMazeProjectUITests;
			sourceTree = "<group>";
		};
		94EA033F2B98292500F1455D /* Coordinator */ = {
			isa = PBXGroup;
			children = (
				94909BC32B98AA1300EF9D79 /* CoordinatorTests.swift */,
			);
			path = Coordinator;
			sourceTree = "<group>";
		};
/* End PBXGroup section */

/* Begin PBXNativeTarget section */
		94E6C1312B9134820031B647 /* TVMazeProject */ = {
			isa = PBXNativeTarget;
			buildConfigurationList = 94E6C1582B9134830031B647 /* Build configuration list for PBXNativeTarget "TVMazeProject" */;
			buildPhases = (
				94E6C12E2B9134820031B647 /* Sources */,
				942B54C72B965249009CCA2C /* SwiftLint */,
				94E6C12F2B9134820031B647 /* Frameworks */,
				94E6C1302B9134820031B647 /* Resources */,
			);
			buildRules = (
			);
			dependencies = (
			);
			name = TVMazeProject;
			productName = TVMazeProject;
			productReference = 94E6C1322B9134820031B647 /* TVMazeProject.app */;
			productType = "com.apple.product-type.application";
		};
		94E6C1432B9134830031B647 /* TVMazeProjectTests */ = {
			isa = PBXNativeTarget;
			buildConfigurationList = 94E6C15B2B9134830031B647 /* Build configuration list for PBXNativeTarget "TVMazeProjectTests" */;
			buildPhases = (
				94E6C1402B9134830031B647 /* Sources */,
				94E6C1412B9134830031B647 /* Frameworks */,
				94E6C1422B9134830031B647 /* Resources */,
			);
			buildRules = (
			);
			dependencies = (
				94E6C1462B9134830031B647 /* PBXTargetDependency */,
			);
			name = TVMazeProjectTests;
			productName = TVMazeProjectTests;
			productReference = 94E6C1442B9134830031B647 /* TVMazeProjectTests.xctest */;
			productType = "com.apple.product-type.bundle.unit-test";
		};
		94E6C14D2B9134830031B647 /* TVMazeProjectUITests */ = {
			isa = PBXNativeTarget;
			buildConfigurationList = 94E6C15E2B9134830031B647 /* Build configuration list for PBXNativeTarget "TVMazeProjectUITests" */;
			buildPhases = (
				94E6C14A2B9134830031B647 /* Sources */,
				94E6C14B2B9134830031B647 /* Frameworks */,
				94E6C14C2B9134830031B647 /* Resources */,
			);
			buildRules = (
			);
			dependencies = (
				94E6C1502B9134830031B647 /* PBXTargetDependency */,
			);
			name = TVMazeProjectUITests;
			productName = TVMazeProjectUITests;
			productReference = 94E6C14E2B9134830031B647 /* TVMazeProjectUITests.xctest */;
			productType = "com.apple.product-type.bundle.ui-testing";
		};
/* End PBXNativeTarget section */

/* Begin PBXProject section */
		94E6C12A2B9134810031B647 /* Project object */ = {
			isa = PBXProject;
			attributes = {
				BuildIndependentTargetsInParallel = 1;
				LastSwiftUpdateCheck = 1520;
				LastUpgradeCheck = 1520;
				TargetAttributes = {
					94E6C1312B9134820031B647 = {
						CreatedOnToolsVersion = 15.2;
					};
					94E6C1432B9134830031B647 = {
						CreatedOnToolsVersion = 15.2;
						TestTargetID = 94E6C1312B9134820031B647;
					};
					94E6C14D2B9134830031B647 = {
						CreatedOnToolsVersion = 15.2;
						TestTargetID = 94E6C1312B9134820031B647;
					};
				};
			};
			buildConfigurationList = 94E6C12D2B9134810031B647 /* Build configuration list for PBXProject "TVMazeProject" */;
			compatibilityVersion = "Xcode 14.0";
			developmentRegion = en;
			hasScannedForEncodings = 0;
			knownRegions = (
				en,
				Base,
			);
			mainGroup = 94E6C1292B9134810031B647;
			productRefGroup = 94E6C1332B9134820031B647 /* Products */;
			projectDirPath = "";
			projectRoot = "";
			targets = (
				94E6C1312B9134820031B647 /* TVMazeProject */,
				94E6C1432B9134830031B647 /* TVMazeProjectTests */,
				94E6C14D2B9134830031B647 /* TVMazeProjectUITests */,
			);
		};
/* End PBXProject section */

/* Begin PBXResourcesBuildPhase section */
		94E6C1302B9134820031B647 /* Resources */ = {
			isa = PBXResourcesBuildPhase;
			buildActionMask = 2147483647;
			files = (
				94E6C13F2B9134830031B647 /* Preview Assets.xcassets in Resources */,
				94E6C13C2B9134830031B647 /* Assets.xcassets in Resources */,
				946B5C592B9ACCB7004D04F9 /* Localizable.xcstrings in Resources */,
			);
			runOnlyForDeploymentPostprocessing = 0;
		};
		94E6C1422B9134830031B647 /* Resources */ = {
			isa = PBXResourcesBuildPhase;
			buildActionMask = 2147483647;
			files = (
			);
			runOnlyForDeploymentPostprocessing = 0;
		};
		94E6C14C2B9134830031B647 /* Resources */ = {
			isa = PBXResourcesBuildPhase;
			buildActionMask = 2147483647;
			files = (
			);
			runOnlyForDeploymentPostprocessing = 0;
		};
/* End PBXResourcesBuildPhase section */

/* Begin PBXShellScriptBuildPhase section */
		942B54C72B965249009CCA2C /* SwiftLint */ = {
			isa = PBXShellScriptBuildPhase;
			alwaysOutOfDate = 1;
			buildActionMask = 2147483647;
			files = (
			);
			inputFileListPaths = (
			);
			inputPaths = (
			);
			name = SwiftLint;
			outputFileListPaths = (
			);
			outputPaths = (
			);
			runOnlyForDeploymentPostprocessing = 0;
			shellPath = /bin/sh;
			shellScript = "if [ \"${ENABLE_PREVIEWS}\" = \"YES\" ]; then\n  echo \"Previews enabled, quitting to prevent 'preview paused'.\"\n  exit 0;\nfi\n~/.mint/bin/mint run swiftlint\n";
		};
/* End PBXShellScriptBuildPhase section */

/* Begin PBXSourcesBuildPhase section */
		94E6C12E2B9134820031B647 /* Sources */ = {
			isa = PBXSourcesBuildPhase;
			buildActionMask = 2147483647;
			files = (
				947E52E92B92547E00FFF340 /* FavoritesView.swift in Sources */,
				942248F52B994C4600C2482F /* CustomAsyncImage.swift in Sources */,
				94C9016C2B9689EE0026601F /* SettingsViewModel.swift in Sources */,
				942B54B62B954BB2009CCA2C /* TVShowsViewModel.swift in Sources */,
				942B549A2B951C4E009CCA2C /* EpisodeRowView.swift in Sources */,
				94F1132D2B9A5B7B004411D7 /* PersonsView.swift in Sources */,
				94EA033E2B981AEB00F1455D /* CustomButton.swift in Sources */,
				947E52E52B92541E00FFF340 /* SettingsView.swift in Sources */,
				94C901792B969B260026601F /* PinView.swift in Sources */,
				94C9016E2B968A0C0026601F /* KeychainService.swift in Sources */,
				947E52EB2B92551100FFF340 /* TVShowCardView.swift in Sources */,
				940C943C2B95135C0026E9F5 /* DesignSystem.swift in Sources */,
				942B54BA2B954F20009CCA2C /* TVShowsService.swift in Sources */,
				94C9017F2B96B79A0026601F /* HomeViewModel.swift in Sources */,
				94E6C1382B9134820031B647 /* HomeView.swift in Sources */,
				942B54A02B95246F009CCA2C /* SeriesHeaderView.swift in Sources */,
				947E52E32B92540B00FFF340 /* TVShowsView.swift in Sources */,
				94C9017B2B969B3D0026601F /* PinViewModel.swift in Sources */,
				94F113352B9AA520004411D7 /* FavoritesViewModel.swift in Sources */,
				942B54CB2B96668A009CCA2C /* Coordinator.swift in Sources */,
				942B54B02B95491A009CCA2C /* APIEndpoints.swift in Sources */,
				94F1132F2B9A6658004411D7 /* PersonViewModel.swift in Sources */,
				94F113332B9A894D004411D7 /* PersonDetailView.swift in Sources */,
				942B549C2B951CD1009CCA2C /* EpisodeDetailView.swift in Sources */,
				942B54A42B952648009CCA2C /* Models.swift in Sources */,
				942B54982B951BE8009CCA2C /* TVShowDetailView.swift in Sources */,
				942B54B22B954943009CCA2C /* NetworkService.swift in Sources */,
				942B549E2B9523C7009CCA2C /* AiringScheduleView.swift in Sources */,
				94F113312B9A87E0004411D7 /* PersonDetailViewModel.swift in Sources */,
				942B54C62B95858E009CCA2C /* TVShowDetailViewModel.swift in Sources */,
				942B54A22B9525EB009CCA2C /* RatingStarsView.swift in Sources */,
				94E6C1362B9134820031B647 /* TVMazeProjectApp.swift in Sources */,
			);
			runOnlyForDeploymentPostprocessing = 0;
		};
		94E6C1402B9134830031B647 /* Sources */ = {
			isa = PBXSourcesBuildPhase;
			buildActionMask = 2147483647;
			files = (
				94909BC42B98AA1300EF9D79 /* CoordinatorTests.swift in Sources */,
				942B54C22B955491009CCA2C /* MockTVShowsService.swift in Sources */,
				942B54BF2B9552DE009CCA2C /* TVShowsServiceTests.swift in Sources */,
				942248F32B99055400C2482F /* XCTAssert+Concurrency.swift in Sources */,
				942B54BD2B955298009CCA2C /* MockNetworkService.swift in Sources */,
				94EA03412B98293400F1455D /* MockCoordinator.swift in Sources */,
				94C901742B969A6B0026601F /* MockKeychainService.swift in Sources */,
				9432E2912B9A051000F799E0 /* TVShowDetailViewModelTests.swift in Sources */,
				94C9017D2B96A0F10026601F /* PinViewModelTests.swift in Sources */,
				942248F02B98DF6000C2482F /* MockAppDIContainer.swift in Sources */,
				942B54C42B9554E4009CCA2C /* TVShowsViewModelTests.swift in Sources */,
				9432E2932B9A35EE00F799E0 /* SettingsViewModelTests.swift in Sources */,
			);
			runOnlyForDeploymentPostprocessing = 0;
		};
		94E6C14A2B9134830031B647 /* Sources */ = {
			isa = PBXSourcesBuildPhase;
			buildActionMask = 2147483647;
			files = (
				94E6C1532B9134830031B647 /* TVMazeProjectUITests.swift in Sources */,
				94E6C1552B9134830031B647 /* TVMazeProjectUITestsLaunchTests.swift in Sources */,
			);
			runOnlyForDeploymentPostprocessing = 0;
		};
/* End PBXSourcesBuildPhase section */

/* Begin PBXTargetDependency section */
		94E6C1462B9134830031B647 /* PBXTargetDependency */ = {
			isa = PBXTargetDependency;
			target = 94E6C1312B9134820031B647 /* TVMazeProject */;
			targetProxy = 94E6C1452B9134830031B647 /* PBXContainerItemProxy */;
		};
		94E6C1502B9134830031B647 /* PBXTargetDependency */ = {
			isa = PBXTargetDependency;
			target = 94E6C1312B9134820031B647 /* TVMazeProject */;
			targetProxy = 94E6C14F2B9134830031B647 /* PBXContainerItemProxy */;
		};
/* End PBXTargetDependency section */

/* Begin XCBuildConfiguration section */
		943950C32B99734700AC4D0E /* Test */ = {
			isa = XCBuildConfiguration;
			buildSettings = {
				ALWAYS_SEARCH_USER_PATHS = NO;
				ASSETCATALOG_COMPILER_GENERATE_SWIFT_ASSET_SYMBOL_EXTENSIONS = YES;
				CLANG_ANALYZER_NONNULL = YES;
				CLANG_ANALYZER_NUMBER_OBJECT_CONVERSION = YES_AGGRESSIVE;
				CLANG_CXX_LANGUAGE_STANDARD = "gnu++20";
				CLANG_ENABLE_MODULES = YES;
				CLANG_ENABLE_OBJC_ARC = YES;
				CLANG_ENABLE_OBJC_WEAK = YES;
				CLANG_WARN_BLOCK_CAPTURE_AUTORELEASING = YES;
				CLANG_WARN_BOOL_CONVERSION = YES;
				CLANG_WARN_COMMA = YES;
				CLANG_WARN_CONSTANT_CONVERSION = YES;
				CLANG_WARN_DEPRECATED_OBJC_IMPLEMENTATIONS = YES;
				CLANG_WARN_DIRECT_OBJC_ISA_USAGE = YES_ERROR;
				CLANG_WARN_DOCUMENTATION_COMMENTS = YES;
				CLANG_WARN_EMPTY_BODY = YES;
				CLANG_WARN_ENUM_CONVERSION = YES;
				CLANG_WARN_INFINITE_RECURSION = YES;
				CLANG_WARN_INT_CONVERSION = YES;
				CLANG_WARN_NON_LITERAL_NULL_CONVERSION = YES;
				CLANG_WARN_OBJC_IMPLICIT_RETAIN_SELF = YES;
				CLANG_WARN_OBJC_LITERAL_CONVERSION = YES;
				CLANG_WARN_OBJC_ROOT_CLASS = YES_ERROR;
				CLANG_WARN_QUOTED_INCLUDE_IN_FRAMEWORK_HEADER = YES;
				CLANG_WARN_RANGE_LOOP_ANALYSIS = YES;
				CLANG_WARN_STRICT_PROTOTYPES = YES;
				CLANG_WARN_SUSPICIOUS_MOVE = YES;
				CLANG_WARN_UNGUARDED_AVAILABILITY = YES_AGGRESSIVE;
				CLANG_WARN_UNREACHABLE_CODE = YES;
				CLANG_WARN__DUPLICATE_METHOD_MATCH = YES;
				COPY_PHASE_STRIP = NO;
				DEBUG_INFORMATION_FORMAT = dwarf;
				ENABLE_STRICT_OBJC_MSGSEND = YES;
				ENABLE_TESTABILITY = YES;
				ENABLE_USER_SCRIPT_SANDBOXING = YES;
				GCC_C_LANGUAGE_STANDARD = gnu17;
				GCC_DYNAMIC_NO_PIC = NO;
				GCC_NO_COMMON_BLOCKS = YES;
				GCC_OPTIMIZATION_LEVEL = 0;
				GCC_PREPROCESSOR_DEFINITIONS = (
					"DEBUG=1",
					"$(inherited)",
				);
				GCC_WARN_64_TO_32_BIT_CONVERSION = YES;
				GCC_WARN_ABOUT_RETURN_TYPE = YES_ERROR;
				GCC_WARN_UNDECLARED_SELECTOR = YES;
				GCC_WARN_UNINITIALIZED_AUTOS = YES_AGGRESSIVE;
				GCC_WARN_UNUSED_FUNCTION = YES;
				GCC_WARN_UNUSED_VARIABLE = YES;
				IPHONEOS_DEPLOYMENT_TARGET = 17.2;
				LOCALIZATION_PREFERS_STRING_CATALOGS = YES;
				MTL_ENABLE_DEBUG_INFO = INCLUDE_SOURCE;
				MTL_FAST_MATH = YES;
				ONLY_ACTIVE_ARCH = YES;
				SDKROOT = iphoneos;
				SWIFT_ACTIVE_COMPILATION_CONDITIONS = "DEBUG $(inherited) TEST";
				SWIFT_OPTIMIZATION_LEVEL = "-Onone";
			};
			name = Test;
		};
		943950C42B99734700AC4D0E /* Test */ = {
			isa = XCBuildConfiguration;
			buildSettings = {
				ASSETCATALOG_COMPILER_APPICON_NAME = AppIcon;
				ASSETCATALOG_COMPILER_GLOBAL_ACCENT_COLOR_NAME = AccentColor;
				CODE_SIGN_IDENTITY = "Apple Development";
				CODE_SIGN_STYLE = Automatic;
				CURRENT_PROJECT_VERSION = 1;
				DEVELOPMENT_ASSET_PATHS = "\"TVMazeProject/Preview Content\"";
				DEVELOPMENT_TEAM = WH7DC8GTYG;
				ENABLE_PREVIEWS = YES;
				ENABLE_USER_SCRIPT_SANDBOXING = NO;
				GENERATE_INFOPLIST_FILE = YES;
				INFOPLIST_KEY_NSFaceIDUsageDescription = "To unlock the features of the App without typing the pin";
				INFOPLIST_KEY_UIApplicationSceneManifest_Generation = YES;
				INFOPLIST_KEY_UIApplicationSupportsIndirectInputEvents = YES;
				INFOPLIST_KEY_UILaunchScreen_Generation = YES;
				INFOPLIST_KEY_UISupportedInterfaceOrientations_iPad = "UIInterfaceOrientationPortrait UIInterfaceOrientationPortraitUpsideDown UIInterfaceOrientationLandscapeLeft UIInterfaceOrientationLandscapeRight";
				INFOPLIST_KEY_UISupportedInterfaceOrientations_iPhone = "UIInterfaceOrientationPortrait UIInterfaceOrientationLandscapeLeft UIInterfaceOrientationLandscapeRight";
				LD_RUNPATH_SEARCH_PATHS = (
					"$(inherited)",
					"@executable_path/Frameworks",
				);
				MARKETING_VERSION = 1.0;
				OTHER_LDFLAGS = "";
				PRODUCT_BUNDLE_IDENTIFIER = InnunovaTI.TVMazeProject;
				PRODUCT_NAME = "$(TARGET_NAME)";
				PROVISIONING_PROFILE_SPECIFIER = "";
				SWIFT_ACTIVE_COMPILATION_CONDITIONS = "$(inherited)";
				SWIFT_EMIT_LOC_STRINGS = YES;
				SWIFT_VERSION = 5.0;
				TARGETED_DEVICE_FAMILY = "1,2";
			};
			name = Test;
		};
		943950C52B99734700AC4D0E /* Test */ = {
			isa = XCBuildConfiguration;
			buildSettings = {
				ALWAYS_EMBED_SWIFT_STANDARD_LIBRARIES = YES;
				BUNDLE_LOADER = "$(TEST_HOST)";
				CODE_SIGN_STYLE = Automatic;
				CURRENT_PROJECT_VERSION = 1;
				DEVELOPMENT_TEAM = WH7DC8GTYG;
				GENERATE_INFOPLIST_FILE = YES;
				IPHONEOS_DEPLOYMENT_TARGET = 17.2;
				MARKETING_VERSION = 1.0;
				PRODUCT_BUNDLE_IDENTIFIER = InnunovaTI.TVMazeProjectTests;
				PRODUCT_NAME = "$(TARGET_NAME)";
				SWIFT_EMIT_LOC_STRINGS = NO;
				SWIFT_VERSION = 5.0;
				TARGETED_DEVICE_FAMILY = "1,2";
				TEST_HOST = "$(BUILT_PRODUCTS_DIR)/TVMazeProject.app/$(BUNDLE_EXECUTABLE_FOLDER_PATH)/TVMazeProject";
			};
			name = Test;
		};
		943950C62B99734700AC4D0E /* Test */ = {
			isa = XCBuildConfiguration;
			buildSettings = {
				ALWAYS_EMBED_SWIFT_STANDARD_LIBRARIES = YES;
				CODE_SIGN_STYLE = Automatic;
				CURRENT_PROJECT_VERSION = 1;
				DEVELOPMENT_TEAM = WH7DC8GTYG;
				GENERATE_INFOPLIST_FILE = YES;
				MARKETING_VERSION = 1.0;
				PRODUCT_BUNDLE_IDENTIFIER = InnunovaTI.TVMazeProjectUITests;
				PRODUCT_NAME = "$(TARGET_NAME)";
				SWIFT_EMIT_LOC_STRINGS = NO;
				SWIFT_VERSION = 5.0;
				TARGETED_DEVICE_FAMILY = "1,2";
				TEST_TARGET_NAME = TVMazeProject;
			};
			name = Test;
		};
		94E6C1562B9134830031B647 /* Debug */ = {
			isa = XCBuildConfiguration;
			buildSettings = {
				ALWAYS_SEARCH_USER_PATHS = NO;
				ASSETCATALOG_COMPILER_GENERATE_SWIFT_ASSET_SYMBOL_EXTENSIONS = YES;
				CLANG_ANALYZER_NONNULL = YES;
				CLANG_ANALYZER_NUMBER_OBJECT_CONVERSION = YES_AGGRESSIVE;
				CLANG_CXX_LANGUAGE_STANDARD = "gnu++20";
				CLANG_ENABLE_MODULES = YES;
				CLANG_ENABLE_OBJC_ARC = YES;
				CLANG_ENABLE_OBJC_WEAK = YES;
				CLANG_WARN_BLOCK_CAPTURE_AUTORELEASING = YES;
				CLANG_WARN_BOOL_CONVERSION = YES;
				CLANG_WARN_COMMA = YES;
				CLANG_WARN_CONSTANT_CONVERSION = YES;
				CLANG_WARN_DEPRECATED_OBJC_IMPLEMENTATIONS = YES;
				CLANG_WARN_DIRECT_OBJC_ISA_USAGE = YES_ERROR;
				CLANG_WARN_DOCUMENTATION_COMMENTS = YES;
				CLANG_WARN_EMPTY_BODY = YES;
				CLANG_WARN_ENUM_CONVERSION = YES;
				CLANG_WARN_INFINITE_RECURSION = YES;
				CLANG_WARN_INT_CONVERSION = YES;
				CLANG_WARN_NON_LITERAL_NULL_CONVERSION = YES;
				CLANG_WARN_OBJC_IMPLICIT_RETAIN_SELF = YES;
				CLANG_WARN_OBJC_LITERAL_CONVERSION = YES;
				CLANG_WARN_OBJC_ROOT_CLASS = YES_ERROR;
				CLANG_WARN_QUOTED_INCLUDE_IN_FRAMEWORK_HEADER = YES;
				CLANG_WARN_RANGE_LOOP_ANALYSIS = YES;
				CLANG_WARN_STRICT_PROTOTYPES = YES;
				CLANG_WARN_SUSPICIOUS_MOVE = YES;
				CLANG_WARN_UNGUARDED_AVAILABILITY = YES_AGGRESSIVE;
				CLANG_WARN_UNREACHABLE_CODE = YES;
				CLANG_WARN__DUPLICATE_METHOD_MATCH = YES;
				COPY_PHASE_STRIP = NO;
				DEBUG_INFORMATION_FORMAT = dwarf;
				ENABLE_STRICT_OBJC_MSGSEND = YES;
				ENABLE_TESTABILITY = YES;
				ENABLE_USER_SCRIPT_SANDBOXING = YES;
				GCC_C_LANGUAGE_STANDARD = gnu17;
				GCC_DYNAMIC_NO_PIC = NO;
				GCC_NO_COMMON_BLOCKS = YES;
				GCC_OPTIMIZATION_LEVEL = 0;
				GCC_PREPROCESSOR_DEFINITIONS = (
					"DEBUG=1",
					"$(inherited)",
				);
				GCC_WARN_64_TO_32_BIT_CONVERSION = YES;
				GCC_WARN_ABOUT_RETURN_TYPE = YES_ERROR;
				GCC_WARN_UNDECLARED_SELECTOR = YES;
				GCC_WARN_UNINITIALIZED_AUTOS = YES_AGGRESSIVE;
				GCC_WARN_UNUSED_FUNCTION = YES;
				GCC_WARN_UNUSED_VARIABLE = YES;
				IPHONEOS_DEPLOYMENT_TARGET = 17.2;
				LOCALIZATION_PREFERS_STRING_CATALOGS = YES;
				MTL_ENABLE_DEBUG_INFO = INCLUDE_SOURCE;
				MTL_FAST_MATH = YES;
				ONLY_ACTIVE_ARCH = YES;
				SDKROOT = iphoneos;
				SWIFT_ACTIVE_COMPILATION_CONDITIONS = "DEBUG $(inherited)";
				SWIFT_OPTIMIZATION_LEVEL = "-Onone";
			};
			name = Debug;
		};
		94E6C1572B9134830031B647 /* Release */ = {
			isa = XCBuildConfiguration;
			buildSettings = {
				ALWAYS_SEARCH_USER_PATHS = NO;
				ASSETCATALOG_COMPILER_GENERATE_SWIFT_ASSET_SYMBOL_EXTENSIONS = YES;
				CLANG_ANALYZER_NONNULL = YES;
				CLANG_ANALYZER_NUMBER_OBJECT_CONVERSION = YES_AGGRESSIVE;
				CLANG_CXX_LANGUAGE_STANDARD = "gnu++20";
				CLANG_ENABLE_MODULES = YES;
				CLANG_ENABLE_OBJC_ARC = YES;
				CLANG_ENABLE_OBJC_WEAK = YES;
				CLANG_WARN_BLOCK_CAPTURE_AUTORELEASING = YES;
				CLANG_WARN_BOOL_CONVERSION = YES;
				CLANG_WARN_COMMA = YES;
				CLANG_WARN_CONSTANT_CONVERSION = YES;
				CLANG_WARN_DEPRECATED_OBJC_IMPLEMENTATIONS = YES;
				CLANG_WARN_DIRECT_OBJC_ISA_USAGE = YES_ERROR;
				CLANG_WARN_DOCUMENTATION_COMMENTS = YES;
				CLANG_WARN_EMPTY_BODY = YES;
				CLANG_WARN_ENUM_CONVERSION = YES;
				CLANG_WARN_INFINITE_RECURSION = YES;
				CLANG_WARN_INT_CONVERSION = YES;
				CLANG_WARN_NON_LITERAL_NULL_CONVERSION = YES;
				CLANG_WARN_OBJC_IMPLICIT_RETAIN_SELF = YES;
				CLANG_WARN_OBJC_LITERAL_CONVERSION = YES;
				CLANG_WARN_OBJC_ROOT_CLASS = YES_ERROR;
				CLANG_WARN_QUOTED_INCLUDE_IN_FRAMEWORK_HEADER = YES;
				CLANG_WARN_RANGE_LOOP_ANALYSIS = YES;
				CLANG_WARN_STRICT_PROTOTYPES = YES;
				CLANG_WARN_SUSPICIOUS_MOVE = YES;
				CLANG_WARN_UNGUARDED_AVAILABILITY = YES_AGGRESSIVE;
				CLANG_WARN_UNREACHABLE_CODE = YES;
				CLANG_WARN__DUPLICATE_METHOD_MATCH = YES;
				COPY_PHASE_STRIP = NO;
				DEBUG_INFORMATION_FORMAT = "dwarf-with-dsym";
				ENABLE_NS_ASSERTIONS = NO;
				ENABLE_STRICT_OBJC_MSGSEND = YES;
				ENABLE_USER_SCRIPT_SANDBOXING = YES;
				GCC_C_LANGUAGE_STANDARD = gnu17;
				GCC_NO_COMMON_BLOCKS = YES;
				GCC_WARN_64_TO_32_BIT_CONVERSION = YES;
				GCC_WARN_ABOUT_RETURN_TYPE = YES_ERROR;
				GCC_WARN_UNDECLARED_SELECTOR = YES;
				GCC_WARN_UNINITIALIZED_AUTOS = YES_AGGRESSIVE;
				GCC_WARN_UNUSED_FUNCTION = YES;
				GCC_WARN_UNUSED_VARIABLE = YES;
				IPHONEOS_DEPLOYMENT_TARGET = 17.2;
				LOCALIZATION_PREFERS_STRING_CATALOGS = YES;
				MTL_ENABLE_DEBUG_INFO = NO;
				MTL_FAST_MATH = YES;
				SDKROOT = iphoneos;
				SWIFT_COMPILATION_MODE = wholemodule;
				VALIDATE_PRODUCT = YES;
			};
			name = Release;
		};
		94E6C1592B9134830031B647 /* Debug */ = {
			isa = XCBuildConfiguration;
			buildSettings = {
				ASSETCATALOG_COMPILER_APPICON_NAME = AppIcon;
				ASSETCATALOG_COMPILER_GLOBAL_ACCENT_COLOR_NAME = AccentColor;
				CODE_SIGN_IDENTITY = "Apple Development";
				CODE_SIGN_STYLE = Automatic;
				CURRENT_PROJECT_VERSION = 1;
				DEVELOPMENT_ASSET_PATHS = "\"TVMazeProject/Preview Content\"";
				DEVELOPMENT_TEAM = WH7DC8GTYG;
				ENABLE_PREVIEWS = YES;
				ENABLE_USER_SCRIPT_SANDBOXING = NO;
				GENERATE_INFOPLIST_FILE = YES;
				INFOPLIST_KEY_NSFaceIDUsageDescription = "To unlock the features of the App without typing the pin";
				INFOPLIST_KEY_UIApplicationSceneManifest_Generation = YES;
				INFOPLIST_KEY_UIApplicationSupportsIndirectInputEvents = YES;
				INFOPLIST_KEY_UILaunchScreen_Generation = YES;
				INFOPLIST_KEY_UISupportedInterfaceOrientations_iPad = "UIInterfaceOrientationPortrait UIInterfaceOrientationPortraitUpsideDown UIInterfaceOrientationLandscapeLeft UIInterfaceOrientationLandscapeRight";
				INFOPLIST_KEY_UISupportedInterfaceOrientations_iPhone = "UIInterfaceOrientationPortrait UIInterfaceOrientationLandscapeLeft UIInterfaceOrientationLandscapeRight";
				LD_RUNPATH_SEARCH_PATHS = (
					"$(inherited)",
					"@executable_path/Frameworks",
				);
				MARKETING_VERSION = 1.0;
				OTHER_LDFLAGS = "";
				PRODUCT_BUNDLE_IDENTIFIER = InnunovaTI.TVMazeProject;
				PRODUCT_NAME = "$(TARGET_NAME)";
				PROVISIONING_PROFILE_SPECIFIER = "";
				SWIFT_EMIT_LOC_STRINGS = YES;
				SWIFT_VERSION = 5.0;
				TARGETED_DEVICE_FAMILY = "1,2";
			};
			name = Debug;
		};
		94E6C15A2B9134830031B647 /* Release */ = {
			isa = XCBuildConfiguration;
			buildSettings = {
				ASSETCATALOG_COMPILER_APPICON_NAME = AppIcon;
				ASSETCATALOG_COMPILER_GLOBAL_ACCENT_COLOR_NAME = AccentColor;
				CODE_SIGN_IDENTITY = "Apple Development";
				CODE_SIGN_STYLE = Automatic;
				CURRENT_PROJECT_VERSION = 1;
				DEVELOPMENT_ASSET_PATHS = "\"TVMazeProject/Preview Content\"";
				DEVELOPMENT_TEAM = WH7DC8GTYG;
				ENABLE_PREVIEWS = YES;
				ENABLE_USER_SCRIPT_SANDBOXING = NO;
				GENERATE_INFOPLIST_FILE = YES;
				INFOPLIST_KEY_NSFaceIDUsageDescription = "To unlock the features of the App without typing the pin";
				INFOPLIST_KEY_UIApplicationSceneManifest_Generation = YES;
				INFOPLIST_KEY_UIApplicationSupportsIndirectInputEvents = YES;
				INFOPLIST_KEY_UILaunchScreen_Generation = YES;
				INFOPLIST_KEY_UISupportedInterfaceOrientations_iPad = "UIInterfaceOrientationPortrait UIInterfaceOrientationPortraitUpsideDown UIInterfaceOrientationLandscapeLeft UIInterfaceOrientationLandscapeRight";
				INFOPLIST_KEY_UISupportedInterfaceOrientations_iPhone = "UIInterfaceOrientationPortrait UIInterfaceOrientationLandscapeLeft UIInterfaceOrientationLandscapeRight";
				LD_RUNPATH_SEARCH_PATHS = (
					"$(inherited)",
					"@executable_path/Frameworks",
				);
				MARKETING_VERSION = 1.0;
				OTHER_LDFLAGS = "";
				PRODUCT_BUNDLE_IDENTIFIER = InnunovaTI.TVMazeProject;
				PRODUCT_NAME = "$(TARGET_NAME)";
				PROVISIONING_PROFILE_SPECIFIER = "";
				SWIFT_EMIT_LOC_STRINGS = YES;
				SWIFT_VERSION = 5.0;
				TARGETED_DEVICE_FAMILY = "1,2";
			};
			name = Release;
		};
		94E6C15C2B9134830031B647 /* Debug */ = {
			isa = XCBuildConfiguration;
			buildSettings = {
				ALWAYS_EMBED_SWIFT_STANDARD_LIBRARIES = YES;
				BUNDLE_LOADER = "$(TEST_HOST)";
				CODE_SIGN_STYLE = Automatic;
				CURRENT_PROJECT_VERSION = 1;
				DEVELOPMENT_TEAM = WH7DC8GTYG;
				GENERATE_INFOPLIST_FILE = YES;
				IPHONEOS_DEPLOYMENT_TARGET = 17.2;
				MARKETING_VERSION = 1.0;
				PRODUCT_BUNDLE_IDENTIFIER = InnunovaTI.TVMazeProjectTests;
				PRODUCT_NAME = "$(TARGET_NAME)";
				SWIFT_EMIT_LOC_STRINGS = NO;
				SWIFT_VERSION = 5.0;
				TARGETED_DEVICE_FAMILY = "1,2";
				TEST_HOST = "$(BUILT_PRODUCTS_DIR)/TVMazeProject.app/$(BUNDLE_EXECUTABLE_FOLDER_PATH)/TVMazeProject";
			};
			name = Debug;
		};
		94E6C15D2B9134830031B647 /* Release */ = {
			isa = XCBuildConfiguration;
			buildSettings = {
				ALWAYS_EMBED_SWIFT_STANDARD_LIBRARIES = YES;
				BUNDLE_LOADER = "$(TEST_HOST)";
				CODE_SIGN_STYLE = Automatic;
				CURRENT_PROJECT_VERSION = 1;
				DEVELOPMENT_TEAM = WH7DC8GTYG;
				GENERATE_INFOPLIST_FILE = YES;
				IPHONEOS_DEPLOYMENT_TARGET = 17.2;
				MARKETING_VERSION = 1.0;
				PRODUCT_BUNDLE_IDENTIFIER = InnunovaTI.TVMazeProjectTests;
				PRODUCT_NAME = "$(TARGET_NAME)";
				SWIFT_EMIT_LOC_STRINGS = NO;
				SWIFT_VERSION = 5.0;
				TARGETED_DEVICE_FAMILY = "1,2";
				TEST_HOST = "$(BUILT_PRODUCTS_DIR)/TVMazeProject.app/$(BUNDLE_EXECUTABLE_FOLDER_PATH)/TVMazeProject";
			};
			name = Release;
		};
		94E6C15F2B9134830031B647 /* Debug */ = {
			isa = XCBuildConfiguration;
			buildSettings = {
				ALWAYS_EMBED_SWIFT_STANDARD_LIBRARIES = YES;
				CODE_SIGN_STYLE = Automatic;
				CURRENT_PROJECT_VERSION = 1;
				DEVELOPMENT_TEAM = WH7DC8GTYG;
				GENERATE_INFOPLIST_FILE = YES;
				MARKETING_VERSION = 1.0;
				PRODUCT_BUNDLE_IDENTIFIER = InnunovaTI.TVMazeProjectUITests;
				PRODUCT_NAME = "$(TARGET_NAME)";
				SWIFT_EMIT_LOC_STRINGS = NO;
				SWIFT_VERSION = 5.0;
				TARGETED_DEVICE_FAMILY = "1,2";
				TEST_TARGET_NAME = TVMazeProject;
			};
			name = Debug;
		};
		94E6C1602B9134830031B647 /* Release */ = {
			isa = XCBuildConfiguration;
			buildSettings = {
				ALWAYS_EMBED_SWIFT_STANDARD_LIBRARIES = YES;
				CODE_SIGN_STYLE = Automatic;
				CURRENT_PROJECT_VERSION = 1;
				DEVELOPMENT_TEAM = WH7DC8GTYG;
				GENERATE_INFOPLIST_FILE = YES;
				MARKETING_VERSION = 1.0;
				PRODUCT_BUNDLE_IDENTIFIER = InnunovaTI.TVMazeProjectUITests;
				PRODUCT_NAME = "$(TARGET_NAME)";
				SWIFT_EMIT_LOC_STRINGS = NO;
				SWIFT_VERSION = 5.0;
				TARGETED_DEVICE_FAMILY = "1,2";
				TEST_TARGET_NAME = TVMazeProject;
			};
			name = Release;
		};
/* End XCBuildConfiguration section */

/* Begin XCConfigurationList section */
		94E6C12D2B9134810031B647 /* Build configuration list for PBXProject "TVMazeProject" */ = {
			isa = XCConfigurationList;
			buildConfigurations = (
				94E6C1562B9134830031B647 /* Debug */,
				943950C32B99734700AC4D0E /* Test */,
				94E6C1572B9134830031B647 /* Release */,
			);
			defaultConfigurationIsVisible = 0;
			defaultConfigurationName = Release;
		};
		94E6C1582B9134830031B647 /* Build configuration list for PBXNativeTarget "TVMazeProject" */ = {
			isa = XCConfigurationList;
			buildConfigurations = (
				94E6C1592B9134830031B647 /* Debug */,
				943950C42B99734700AC4D0E /* Test */,
				94E6C15A2B9134830031B647 /* Release */,
			);
			defaultConfigurationIsVisible = 0;
			defaultConfigurationName = Release;
		};
		94E6C15B2B9134830031B647 /* Build configuration list for PBXNativeTarget "TVMazeProjectTests" */ = {
			isa = XCConfigurationList;
			buildConfigurations = (
				94E6C15C2B9134830031B647 /* Debug */,
				943950C52B99734700AC4D0E /* Test */,
				94E6C15D2B9134830031B647 /* Release */,
			);
			defaultConfigurationIsVisible = 0;
			defaultConfigurationName = Release;
		};
		94E6C15E2B9134830031B647 /* Build configuration list for PBXNativeTarget "TVMazeProjectUITests" */ = {
			isa = XCConfigurationList;
			buildConfigurations = (
				94E6C15F2B9134830031B647 /* Debug */,
				943950C62B99734700AC4D0E /* Test */,
				94E6C1602B9134830031B647 /* Release */,
			);
			defaultConfigurationIsVisible = 0;
			defaultConfigurationName = Release;
		};
/* End XCConfigurationList section */
	};
	rootObject = 94E6C12A2B9134810031B647 /* Project object */;
}
